// !$*UTF8*$!
{
	archiveVersion = 1;
	classes = {
	};
	objectVersion = 56;
	objects = {

/* Begin PBXBuildFile section */
		883740982925541700492A07 /* Router.swift in Sources */ = {isa = PBXBuildFile; fileRef = 883740972925541700492A07 /* Router.swift */; };
		8837409A292557A800492A07 /* ReturnToTopButton.swift in Sources */ = {isa = PBXBuildFile; fileRef = 88374099292557A800492A07 /* ReturnToTopButton.swift */; };
		8837409C2926B27000492A07 /* AddProjectView.swift in Sources */ = {isa = PBXBuildFile; fileRef = 8837409B2926B27000492A07 /* AddProjectView.swift */; };
		883F448F2912A5C600284B2F /* UseCasesCoreDataApp.swift in Sources */ = {isa = PBXBuildFile; fileRef = 883F448E2912A5C600284B2F /* UseCasesCoreDataApp.swift */; };
		883F44912912A5C600284B2F /* ContentView.swift in Sources */ = {isa = PBXBuildFile; fileRef = 883F44902912A5C600284B2F /* ContentView.swift */; };
		883F44932912A5C600284B2F /* Assets.xcassets in Resources */ = {isa = PBXBuildFile; fileRef = 883F44922912A5C600284B2F /* Assets.xcassets */; };
		883F44962912A5C600284B2F /* Preview Assets.xcassets in Resources */ = {isa = PBXBuildFile; fileRef = 883F44952912A5C600284B2F /* Preview Assets.xcassets */; };
		883F44982912A5C600284B2F /* Persistence.swift in Sources */ = {isa = PBXBuildFile; fileRef = 883F44972912A5C600284B2F /* Persistence.swift */; };
		883F449B2912A5C600284B2F /* UseCasesCoreData.xcdatamodeld in Sources */ = {isa = PBXBuildFile; fileRef = 883F44992912A5C600284B2F /* UseCasesCoreData.xcdatamodeld */; };
		883F44AE2912B76C00284B2F /* BaseModel+CoreDataClass.swift in Sources */ = {isa = PBXBuildFile; fileRef = 883F44A42912B76C00284B2F /* BaseModel+CoreDataClass.swift */; };
		883F44AF2912B76C00284B2F /* BaseModel+CoreDataProperties.swift in Sources */ = {isa = PBXBuildFile; fileRef = 883F44A52912B76C00284B2F /* BaseModel+CoreDataProperties.swift */; };
		883F44B22912B76C00284B2F /* Step+CoreDataClass.swift in Sources */ = {isa = PBXBuildFile; fileRef = 883F44A82912B76C00284B2F /* Step+CoreDataClass.swift */; };
		883F44B32912B76C00284B2F /* Step+CoreDataProperties.swift in Sources */ = {isa = PBXBuildFile; fileRef = 883F44A92912B76C00284B2F /* Step+CoreDataProperties.swift */; };
		883F44B42912B76C00284B2F /* Category+CoreDataClass.swift in Sources */ = {isa = PBXBuildFile; fileRef = 883F44AA2912B76C00284B2F /* Category+CoreDataClass.swift */; };
		883F44B52912B76C00284B2F /* Category+CoreDataProperties.swift in Sources */ = {isa = PBXBuildFile; fileRef = 883F44AB2912B76C00284B2F /* Category+CoreDataProperties.swift */; };
		883F44B62912B76C00284B2F /* Project+CoreDataClass.swift in Sources */ = {isa = PBXBuildFile; fileRef = 883F44AC2912B76C00284B2F /* Project+CoreDataClass.swift */; };
		883F44B72912B76C00284B2F /* Project+CoreDataProperties.swift in Sources */ = {isa = PBXBuildFile; fileRef = 883F44AD2912B76C00284B2F /* Project+CoreDataProperties.swift */; };
		883F44C52912D38B00284B2F /* ProjectCellView.swift in Sources */ = {isa = PBXBuildFile; fileRef = 883F44B92912D38A00284B2F /* ProjectCellView.swift */; };
		883F44C62912D38B00284B2F /* StepListView.swift in Sources */ = {isa = PBXBuildFile; fileRef = 883F44BA2912D38A00284B2F /* StepListView.swift */; };
		883F44C72912D38B00284B2F /* ProjectListView.swift in Sources */ = {isa = PBXBuildFile; fileRef = 883F44BB2912D38A00284B2F /* ProjectListView.swift */; };
		883F44C82912D38B00284B2F /* CategoryCellView.swift in Sources */ = {isa = PBXBuildFile; fileRef = 883F44BC2912D38A00284B2F /* CategoryCellView.swift */; };
		883F44C92912D38B00284B2F /* UseCaseCellView.swift in Sources */ = {isa = PBXBuildFile; fileRef = 883F44BD2912D38A00284B2F /* UseCaseCellView.swift */; };
		883F44CA2912D38B00284B2F /* ProjectsView.swift in Sources */ = {isa = PBXBuildFile; fileRef = 883F44BE2912D38B00284B2F /* ProjectsView.swift */; };
		883F44CB2912D38B00284B2F /* UseCaseListView.swift in Sources */ = {isa = PBXBuildFile; fileRef = 883F44BF2912D38B00284B2F /* UseCaseListView.swift */; };
		883F44CC2912D38B00284B2F /* ProjectDetailsView.swift in Sources */ = {isa = PBXBuildFile; fileRef = 883F44C02912D38B00284B2F /* ProjectDetailsView.swift */; };
		883F44CD2912D38B00284B2F /* CategoryDetailsView.swift in Sources */ = {isa = PBXBuildFile; fileRef = 883F44C12912D38B00284B2F /* CategoryDetailsView.swift */; };
		883F44CE2912D38B00284B2F /* UseCaseDetailsView.swift in Sources */ = {isa = PBXBuildFile; fileRef = 883F44C22912D38B00284B2F /* UseCaseDetailsView.swift */; };
		883F44CF2912D38B00284B2F /* StepCellView.swift in Sources */ = {isa = PBXBuildFile; fileRef = 883F44C32912D38B00284B2F /* StepCellView.swift */; };
		883F44D02912D38B00284B2F /* CategoryListView.swift in Sources */ = {isa = PBXBuildFile; fileRef = 883F44C42912D38B00284B2F /* CategoryListView.swift */; };
		883F44D92912D5BA00284B2F /* Neumorphic in Frameworks */ = {isa = PBXBuildFile; productRef = 883F44D82912D5BA00284B2F /* Neumorphic */; };
		88815D312914077E00B0CF40 /* String+Extensions.swift in Sources */ = {isa = PBXBuildFile; fileRef = 88815D302914077E00B0CF40 /* String+Extensions.swift */; };
		88951CF4291587D3007081D3 /* UseCase+CoreDataClass.swift in Sources */ = {isa = PBXBuildFile; fileRef = 88951CF2291587D3007081D3 /* UseCase+CoreDataClass.swift */; };
		88951CF5291587D3007081D3 /* UseCase+CoreDataProperties.swift in Sources */ = {isa = PBXBuildFile; fileRef = 88951CF3291587D3007081D3 /* UseCase+CoreDataProperties.swift */; };
		88951CF72915DE79007081D3 /* Constants.swift in Sources */ = {isa = PBXBuildFile; fileRef = 88951CF62915DE79007081D3 /* Constants.swift */; };
		88951CFB2916AD6A007081D3 /* StepDetailsView.swift in Sources */ = {isa = PBXBuildFile; fileRef = 88951CFA2916AD6A007081D3 /* StepDetailsView.swift */; };
		88951D1E291AFE80007081D3 /* TextBoxWithFocus.swift in Sources */ = {isa = PBXBuildFile; fileRef = 88951D1D291AFE80007081D3 /* TextBoxWithFocus.swift */; };
		88951D20291C1620007081D3 /* EditProjectView.swift in Sources */ = {isa = PBXBuildFile; fileRef = 88951D1F291C1620007081D3 /* EditProjectView.swift */; };
		88951D22291C3617007081D3 /* EditCategoryView.swift in Sources */ = {isa = PBXBuildFile; fileRef = 88951D21291C3617007081D3 /* EditCategoryView.swift */; };
		88951D24291C3623007081D3 /* EditUseCaseView.swift in Sources */ = {isa = PBXBuildFile; fileRef = 88951D23291C3623007081D3 /* EditUseCaseView.swift */; };
		88951D26291C362F007081D3 /* EditStepView.swift in Sources */ = {isa = PBXBuildFile; fileRef = 88951D25291C362F007081D3 /* EditStepView.swift */; };
/* End PBXBuildFile section */

/* Begin PBXBuildRule section */
		88374095291C8B5000492A07 /* PBXBuildRule */ = {
			isa = PBXBuildRule;
			compilerSpec = com.apple.compilers.proxy.script;
			fileType = file.rcproject;
			inputFiles = (
			);
			isEditable = 1;
			outputFiles = (
			);
			script = "# rctool\n";
		};
/* End PBXBuildRule section */

/* Begin PBXFileReference section */
		88374096291EAF8C00492A07 /* Info.plist */ = {isa = PBXFileReference; lastKnownFileType = text.plist; path = Info.plist; sourceTree = "<group>"; };
		883740972925541700492A07 /* Router.swift */ = {isa = PBXFileReference; lastKnownFileType = sourcecode.swift; path = Router.swift; sourceTree = "<group>"; };
		88374099292557A800492A07 /* ReturnToTopButton.swift */ = {isa = PBXFileReference; lastKnownFileType = sourcecode.swift; path = ReturnToTopButton.swift; sourceTree = "<group>"; };
		8837409B2926B27000492A07 /* AddProjectView.swift */ = {isa = PBXFileReference; lastKnownFileType = sourcecode.swift; path = AddProjectView.swift; sourceTree = "<group>"; };
		883F448B2912A5C600284B2F /* UseCasesCoreData.app */ = {isa = PBXFileReference; explicitFileType = wrapper.application; includeInIndex = 0; path = UseCasesCoreData.app; sourceTree = BUILT_PRODUCTS_DIR; };
		883F448E2912A5C600284B2F /* UseCasesCoreDataApp.swift */ = {isa = PBXFileReference; lastKnownFileType = sourcecode.swift; path = UseCasesCoreDataApp.swift; sourceTree = "<group>"; };
		883F44902912A5C600284B2F /* ContentView.swift */ = {isa = PBXFileReference; lastKnownFileType = sourcecode.swift; path = ContentView.swift; sourceTree = "<group>"; };
		883F44922912A5C600284B2F /* Assets.xcassets */ = {isa = PBXFileReference; lastKnownFileType = folder.assetcatalog; path = Assets.xcassets; sourceTree = "<group>"; };
		883F44952912A5C600284B2F /* Preview Assets.xcassets */ = {isa = PBXFileReference; lastKnownFileType = folder.assetcatalog; path = "Preview Assets.xcassets"; sourceTree = "<group>"; };
		883F44972912A5C600284B2F /* Persistence.swift */ = {isa = PBXFileReference; lastKnownFileType = sourcecode.swift; path = Persistence.swift; sourceTree = "<group>"; };
		883F449A2912A5C600284B2F /* UseCasesCoreData.xcdatamodel */ = {isa = PBXFileReference; lastKnownFileType = wrapper.xcdatamodel; path = UseCasesCoreData.xcdatamodel; sourceTree = "<group>"; };
		883F44A42912B76C00284B2F /* BaseModel+CoreDataClass.swift */ = {isa = PBXFileReference; lastKnownFileType = sourcecode.swift; path = "BaseModel+CoreDataClass.swift"; sourceTree = "<group>"; };
		883F44A52912B76C00284B2F /* BaseModel+CoreDataProperties.swift */ = {isa = PBXFileReference; lastKnownFileType = sourcecode.swift; path = "BaseModel+CoreDataProperties.swift"; sourceTree = "<group>"; };
		883F44A82912B76C00284B2F /* Step+CoreDataClass.swift */ = {isa = PBXFileReference; lastKnownFileType = sourcecode.swift; path = "Step+CoreDataClass.swift"; sourceTree = "<group>"; };
		883F44A92912B76C00284B2F /* Step+CoreDataProperties.swift */ = {isa = PBXFileReference; lastKnownFileType = sourcecode.swift; path = "Step+CoreDataProperties.swift"; sourceTree = "<group>"; };
		883F44AA2912B76C00284B2F /* Category+CoreDataClass.swift */ = {isa = PBXFileReference; lastKnownFileType = sourcecode.swift; path = "Category+CoreDataClass.swift"; sourceTree = "<group>"; };
		883F44AB2912B76C00284B2F /* Category+CoreDataProperties.swift */ = {isa = PBXFileReference; lastKnownFileType = sourcecode.swift; path = "Category+CoreDataProperties.swift"; sourceTree = "<group>"; };
		883F44AC2912B76C00284B2F /* Project+CoreDataClass.swift */ = {isa = PBXFileReference; lastKnownFileType = sourcecode.swift; path = "Project+CoreDataClass.swift"; sourceTree = "<group>"; };
		883F44AD2912B76C00284B2F /* Project+CoreDataProperties.swift */ = {isa = PBXFileReference; lastKnownFileType = sourcecode.swift; path = "Project+CoreDataProperties.swift"; sourceTree = "<group>"; };
		883F44B92912D38A00284B2F /* ProjectCellView.swift */ = {isa = PBXFileReference; fileEncoding = 4; lastKnownFileType = sourcecode.swift; path = ProjectCellView.swift; sourceTree = "<group>"; };
		883F44BA2912D38A00284B2F /* StepListView.swift */ = {isa = PBXFileReference; fileEncoding = 4; lastKnownFileType = sourcecode.swift; path = StepListView.swift; sourceTree = "<group>"; };
		883F44BB2912D38A00284B2F /* ProjectListView.swift */ = {isa = PBXFileReference; fileEncoding = 4; lastKnownFileType = sourcecode.swift; path = ProjectListView.swift; sourceTree = "<group>"; };
		883F44BC2912D38A00284B2F /* CategoryCellView.swift */ = {isa = PBXFileReference; fileEncoding = 4; lastKnownFileType = sourcecode.swift; path = CategoryCellView.swift; sourceTree = "<group>"; };
		883F44BD2912D38A00284B2F /* UseCaseCellView.swift */ = {isa = PBXFileReference; fileEncoding = 4; lastKnownFileType = sourcecode.swift; path = UseCaseCellView.swift; sourceTree = "<group>"; };
		883F44BE2912D38B00284B2F /* ProjectsView.swift */ = {isa = PBXFileReference; fileEncoding = 4; lastKnownFileType = sourcecode.swift; path = ProjectsView.swift; sourceTree = "<group>"; };
		883F44BF2912D38B00284B2F /* UseCaseListView.swift */ = {isa = PBXFileReference; fileEncoding = 4; lastKnownFileType = sourcecode.swift; path = UseCaseListView.swift; sourceTree = "<group>"; };
		883F44C02912D38B00284B2F /* ProjectDetailsView.swift */ = {isa = PBXFileReference; fileEncoding = 4; lastKnownFileType = sourcecode.swift; path = ProjectDetailsView.swift; sourceTree = "<group>"; };
		883F44C12912D38B00284B2F /* CategoryDetailsView.swift */ = {isa = PBXFileReference; fileEncoding = 4; lastKnownFileType = sourcecode.swift; path = CategoryDetailsView.swift; sourceTree = "<group>"; };
		883F44C22912D38B00284B2F /* UseCaseDetailsView.swift */ = {isa = PBXFileReference; fileEncoding = 4; lastKnownFileType = sourcecode.swift; path = UseCaseDetailsView.swift; sourceTree = "<group>"; };
		883F44C32912D38B00284B2F /* StepCellView.swift */ = {isa = PBXFileReference; fileEncoding = 4; lastKnownFileType = sourcecode.swift; path = StepCellView.swift; sourceTree = "<group>"; };
		883F44C42912D38B00284B2F /* CategoryListView.swift */ = {isa = PBXFileReference; fileEncoding = 4; lastKnownFileType = sourcecode.swift; path = CategoryListView.swift; sourceTree = "<group>"; };
		88815D302914077E00B0CF40 /* String+Extensions.swift */ = {isa = PBXFileReference; lastKnownFileType = sourcecode.swift; path = "String+Extensions.swift"; sourceTree = "<group>"; };
		88951CF2291587D3007081D3 /* UseCase+CoreDataClass.swift */ = {isa = PBXFileReference; lastKnownFileType = sourcecode.swift; path = "UseCase+CoreDataClass.swift"; sourceTree = "<group>"; };
		88951CF3291587D3007081D3 /* UseCase+CoreDataProperties.swift */ = {isa = PBXFileReference; lastKnownFileType = sourcecode.swift; path = "UseCase+CoreDataProperties.swift"; sourceTree = "<group>"; };
		88951CF62915DE79007081D3 /* Constants.swift */ = {isa = PBXFileReference; lastKnownFileType = sourcecode.swift; path = Constants.swift; sourceTree = "<group>"; };
		88951CFA2916AD6A007081D3 /* StepDetailsView.swift */ = {isa = PBXFileReference; lastKnownFileType = sourcecode.swift; path = StepDetailsView.swift; sourceTree = "<group>"; };
		88951D1D291AFE80007081D3 /* TextBoxWithFocus.swift */ = {isa = PBXFileReference; lastKnownFileType = sourcecode.swift; path = TextBoxWithFocus.swift; sourceTree = "<group>"; };
		88951D1F291C1620007081D3 /* EditProjectView.swift */ = {isa = PBXFileReference; lastKnownFileType = sourcecode.swift; path = EditProjectView.swift; sourceTree = "<group>"; };
		88951D21291C3617007081D3 /* EditCategoryView.swift */ = {isa = PBXFileReference; lastKnownFileType = sourcecode.swift; path = EditCategoryView.swift; sourceTree = "<group>"; };
		88951D23291C3623007081D3 /* EditUseCaseView.swift */ = {isa = PBXFileReference; lastKnownFileType = sourcecode.swift; path = EditUseCaseView.swift; sourceTree = "<group>"; };
		88951D25291C362F007081D3 /* EditStepView.swift */ = {isa = PBXFileReference; lastKnownFileType = sourcecode.swift; path = EditStepView.swift; sourceTree = "<group>"; };
/* End PBXFileReference section */

/* Begin PBXFrameworksBuildPhase section */
		883F44882912A5C600284B2F /* Frameworks */ = {
			isa = PBXFrameworksBuildPhase;
			buildActionMask = 2147483647;
			files = (
				883F44D92912D5BA00284B2F /* Neumorphic in Frameworks */,
			);
			runOnlyForDeploymentPostprocessing = 0;
		};
/* End PBXFrameworksBuildPhase section */

/* Begin PBXGroup section */
		883F44822912A5C600284B2F = {
			isa = PBXGroup;
			children = (
				883F448D2912A5C600284B2F /* UseCasesCoreData */,
				883F448C2912A5C600284B2F /* Products */,
			);
			sourceTree = "<group>";
		};
		883F448C2912A5C600284B2F /* Products */ = {
			isa = PBXGroup;
			children = (
				883F448B2912A5C600284B2F /* UseCasesCoreData.app */,
			);
			name = Products;
			sourceTree = "<group>";
		};
		883F448D2912A5C600284B2F /* UseCasesCoreData */ = {
			isa = PBXGroup;
			children = (
				883F44922912A5C600284B2F /* Assets.xcassets */,
				88374096291EAF8C00492A07 /* Info.plist */,
				883F44992912A5C600284B2F /* UseCasesCoreData.xcdatamodeld */,
				883F44902912A5C600284B2F /* ContentView.swift */,
				88951CF62915DE79007081D3 /* Constants.swift */,
				883F44972912A5C600284B2F /* Persistence.swift */,
				883740972925541700492A07 /* Router.swift */,
				883F448E2912A5C600284B2F /* UseCasesCoreDataApp.swift */,
				883F44A12912A60000284B2F /* DatabaseModels */,
				88815D2F2914074B00B0CF40 /* Extensions */,
				883F44B82912C1D100284B2F /* Views */,
				883F44942912A5C600284B2F /* Preview Content */,
			);
			path = UseCasesCoreData;
			sourceTree = "<group>";
		};
		883F44942912A5C600284B2F /* Preview Content */ = {
			isa = PBXGroup;
			children = (
				883F44952912A5C600284B2F /* Preview Assets.xcassets */,
			);
			path = "Preview Content";
			sourceTree = "<group>";
		};
		883F44A12912A60000284B2F /* DatabaseModels */ = {
			isa = PBXGroup;
			children = (
				88951CF2291587D3007081D3 /* UseCase+CoreDataClass.swift */,
				88951CF3291587D3007081D3 /* UseCase+CoreDataProperties.swift */,
				883F44A42912B76C00284B2F /* BaseModel+CoreDataClass.swift */,
				883F44A52912B76C00284B2F /* BaseModel+CoreDataProperties.swift */,
				883F44A82912B76C00284B2F /* Step+CoreDataClass.swift */,
				883F44A92912B76C00284B2F /* Step+CoreDataProperties.swift */,
				883F44AA2912B76C00284B2F /* Category+CoreDataClass.swift */,
				883F44AB2912B76C00284B2F /* Category+CoreDataProperties.swift */,
				883F44AC2912B76C00284B2F /* Project+CoreDataClass.swift */,
				883F44AD2912B76C00284B2F /* Project+CoreDataProperties.swift */,
			);
			path = DatabaseModels;
			sourceTree = "<group>";
		};
		883F44B82912C1D100284B2F /* Views */ = {
			isa = PBXGroup;
			children = (
				883F44D22912D3DB00284B2F /* CategoryViews */,
				883F44D12912D3A100284B2F /* ProjectViews */,
				883F44D62912D42800284B2F /* StepViews */,
				883F44D32912D3F600284B2F /* UseCaseViews */,
				88951D1D291AFE80007081D3 /* TextBoxWithFocus.swift */,
				88374099292557A800492A07 /* ReturnToTopButton.swift */,
			);
			path = Views;
			sourceTree = "<group>";
		};
		883F44D12912D3A100284B2F /* ProjectViews */ = {
			isa = PBXGroup;
			children = (
				883F44B92912D38A00284B2F /* ProjectCellView.swift */,
				883F44C02912D38B00284B2F /* ProjectDetailsView.swift */,
				883F44BB2912D38A00284B2F /* ProjectListView.swift */,
				883F44BE2912D38B00284B2F /* ProjectsView.swift */,
				88951D1F291C1620007081D3 /* EditProjectView.swift */,
				8837409B2926B27000492A07 /* AddProjectView.swift */,
			);
			path = ProjectViews;
			sourceTree = "<group>";
		};
		883F44D22912D3DB00284B2F /* CategoryViews */ = {
			isa = PBXGroup;
			children = (
				883F44BC2912D38A00284B2F /* CategoryCellView.swift */,
				883F44C12912D38B00284B2F /* CategoryDetailsView.swift */,
				883F44C42912D38B00284B2F /* CategoryListView.swift */,
				88951D21291C3617007081D3 /* EditCategoryView.swift */,
			);
			path = CategoryViews;
			sourceTree = "<group>";
		};
		883F44D32912D3F600284B2F /* UseCaseViews */ = {
			isa = PBXGroup;
			children = (
				883F44BD2912D38A00284B2F /* UseCaseCellView.swift */,
				883F44C22912D38B00284B2F /* UseCaseDetailsView.swift */,
				883F44BF2912D38B00284B2F /* UseCaseListView.swift */,
				88951D23291C3623007081D3 /* EditUseCaseView.swift */,
			);
			path = UseCaseViews;
			sourceTree = "<group>";
		};
		883F44D62912D42800284B2F /* StepViews */ = {
			isa = PBXGroup;
			children = (
				883F44C32912D38B00284B2F /* StepCellView.swift */,
				883F44BA2912D38A00284B2F /* StepListView.swift */,
				88951CFA2916AD6A007081D3 /* StepDetailsView.swift */,
				88951D25291C362F007081D3 /* EditStepView.swift */,
			);
			path = StepViews;
			sourceTree = "<group>";
		};
		88815D2F2914074B00B0CF40 /* Extensions */ = {
			isa = PBXGroup;
			children = (
				88815D302914077E00B0CF40 /* String+Extensions.swift */,
			);
			path = Extensions;
			sourceTree = "<group>";
		};
/* End PBXGroup section */

/* Begin PBXNativeTarget section */
		883F448A2912A5C600284B2F /* UseCasesCoreData */ = {
			isa = PBXNativeTarget;
			buildConfigurationList = 883F449E2912A5C600284B2F /* Build configuration list for PBXNativeTarget "UseCasesCoreData" */;
			buildPhases = (
				883F44872912A5C600284B2F /* Sources */,
				883F44882912A5C600284B2F /* Frameworks */,
				883F44892912A5C600284B2F /* Resources */,
			);
			buildRules = (
				88374095291C8B5000492A07 /* PBXBuildRule */,
			);
			dependencies = (
			);
			name = UseCasesCoreData;
			packageProductDependencies = (
				883F44D82912D5BA00284B2F /* Neumorphic */,
			);
			productName = UseCasesCoreData;
			productReference = 883F448B2912A5C600284B2F /* UseCasesCoreData.app */;
			productType = "com.apple.product-type.application";
		};
/* End PBXNativeTarget section */

/* Begin PBXProject section */
		883F44832912A5C600284B2F /* Project object */ = {
			isa = PBXProject;
			attributes = {
				BuildIndependentTargetsInParallel = 1;
				LastSwiftUpdateCheck = 1400;
				LastUpgradeCheck = 1400;
				TargetAttributes = {
					883F448A2912A5C600284B2F = {
						CreatedOnToolsVersion = 14.0.1;
					};
				};
			};
			buildConfigurationList = 883F44862912A5C600284B2F /* Build configuration list for PBXProject "UseCasesCoreData" */;
			compatibilityVersion = "Xcode 14.0";
			developmentRegion = en;
			hasScannedForEncodings = 0;
			knownRegions = (
				en,
				Base,
			);
			mainGroup = 883F44822912A5C600284B2F;
			packageReferences = (
				883F44D72912D5BA00284B2F /* XCRemoteSwiftPackageReference "neumorphic" */,
			);
			productRefGroup = 883F448C2912A5C600284B2F /* Products */;
			projectDirPath = "";
			projectRoot = "";
			targets = (
				883F448A2912A5C600284B2F /* UseCasesCoreData */,
			);
		};
/* End PBXProject section */

/* Begin PBXResourcesBuildPhase section */
		883F44892912A5C600284B2F /* Resources */ = {
			isa = PBXResourcesBuildPhase;
			buildActionMask = 2147483647;
			files = (
				883F44962912A5C600284B2F /* Preview Assets.xcassets in Resources */,
				883F44932912A5C600284B2F /* Assets.xcassets in Resources */,
			);
			runOnlyForDeploymentPostprocessing = 0;
		};
/* End PBXResourcesBuildPhase section */

/* Begin PBXSourcesBuildPhase section */
		883F44872912A5C600284B2F /* Sources */ = {
			isa = PBXSourcesBuildPhase;
			buildActionMask = 2147483647;
			files = (
				883F44B32912B76C00284B2F /* Step+CoreDataProperties.swift in Sources */,
				88951D1E291AFE80007081D3 /* TextBoxWithFocus.swift in Sources */,
				883F44B52912B76C00284B2F /* Category+CoreDataProperties.swift in Sources */,
				883F44C52912D38B00284B2F /* ProjectCellView.swift in Sources */,
				883740982925541700492A07 /* Router.swift in Sources */,
				88951D22291C3617007081D3 /* EditCategoryView.swift in Sources */,
				88951D26291C362F007081D3 /* EditStepView.swift in Sources */,
				883F44B42912B76C00284B2F /* Category+CoreDataClass.swift in Sources */,
				88951D24291C3623007081D3 /* EditUseCaseView.swift in Sources */,
				883F44B62912B76C00284B2F /* Project+CoreDataClass.swift in Sources */,
				88951CF72915DE79007081D3 /* Constants.swift in Sources */,
				883F44AF2912B76C00284B2F /* BaseModel+CoreDataProperties.swift in Sources */,
				8837409A292557A800492A07 /* ReturnToTopButton.swift in Sources */,
				88951D20291C1620007081D3 /* EditProjectView.swift in Sources */,
				883F44B22912B76C00284B2F /* Step+CoreDataClass.swift in Sources */,
				883F44B72912B76C00284B2F /* Project+CoreDataProperties.swift in Sources */,
				883F44C82912D38B00284B2F /* CategoryCellView.swift in Sources */,
				883F449B2912A5C600284B2F /* UseCasesCoreData.xcdatamodeld in Sources */,
				883F44CD2912D38B00284B2F /* CategoryDetailsView.swift in Sources */,
				883F44D02912D38B00284B2F /* CategoryListView.swift in Sources */,
				883F44C72912D38B00284B2F /* ProjectListView.swift in Sources */,
				88951CF4291587D3007081D3 /* UseCase+CoreDataClass.swift in Sources */,
				883F44982912A5C600284B2F /* Persistence.swift in Sources */,
				883F44C62912D38B00284B2F /* StepListView.swift in Sources */,
				883F44C92912D38B00284B2F /* UseCaseCellView.swift in Sources */,
				88951CF5291587D3007081D3 /* UseCase+CoreDataProperties.swift in Sources */,
				883F44912912A5C600284B2F /* ContentView.swift in Sources */,
				88951CFB2916AD6A007081D3 /* StepDetailsView.swift in Sources */,
				883F44CA2912D38B00284B2F /* ProjectsView.swift in Sources */,
				8837409C2926B27000492A07 /* AddProjectView.swift in Sources */,
				883F44AE2912B76C00284B2F /* BaseModel+CoreDataClass.swift in Sources */,
				883F44CB2912D38B00284B2F /* UseCaseListView.swift in Sources */,
				88815D312914077E00B0CF40 /* String+Extensions.swift in Sources */,
				883F44CE2912D38B00284B2F /* UseCaseDetailsView.swift in Sources */,
				883F44CC2912D38B00284B2F /* ProjectDetailsView.swift in Sources */,
				883F44CF2912D38B00284B2F /* StepCellView.swift in Sources */,
				883F448F2912A5C600284B2F /* UseCasesCoreDataApp.swift in Sources */,
			);
			runOnlyForDeploymentPostprocessing = 0;
		};
/* End PBXSourcesBuildPhase section */

/* Begin XCBuildConfiguration section */
		883F449C2912A5C600284B2F /* Debug */ = {
			isa = XCBuildConfiguration;
			buildSettings = {
				ALWAYS_SEARCH_USER_PATHS = NO;
				CLANG_ANALYZER_NONNULL = YES;
				CLANG_ANALYZER_NUMBER_OBJECT_CONVERSION = YES_AGGRESSIVE;
				CLANG_CXX_LANGUAGE_STANDARD = "gnu++20";
				CLANG_ENABLE_MODULES = YES;
				CLANG_ENABLE_OBJC_ARC = YES;
				CLANG_ENABLE_OBJC_WEAK = YES;
				CLANG_WARN_BLOCK_CAPTURE_AUTORELEASING = YES;
				CLANG_WARN_BOOL_CONVERSION = YES;
				CLANG_WARN_COMMA = YES;
				CLANG_WARN_CONSTANT_CONVERSION = YES;
				CLANG_WARN_DEPRECATED_OBJC_IMPLEMENTATIONS = YES;
				CLANG_WARN_DIRECT_OBJC_ISA_USAGE = YES_ERROR;
				CLANG_WARN_DOCUMENTATION_COMMENTS = YES;
				CLANG_WARN_EMPTY_BODY = YES;
				CLANG_WARN_ENUM_CONVERSION = YES;
				CLANG_WARN_INFINITE_RECURSION = YES;
				CLANG_WARN_INT_CONVERSION = YES;
				CLANG_WARN_NON_LITERAL_NULL_CONVERSION = YES;
				CLANG_WARN_OBJC_IMPLICIT_RETAIN_SELF = YES;
				CLANG_WARN_OBJC_LITERAL_CONVERSION = YES;
				CLANG_WARN_OBJC_ROOT_CLASS = YES_ERROR;
				CLANG_WARN_QUOTED_INCLUDE_IN_FRAMEWORK_HEADER = YES;
				CLANG_WARN_RANGE_LOOP_ANALYSIS = YES;
				CLANG_WARN_STRICT_PROTOTYPES = YES;
				CLANG_WARN_SUSPICIOUS_MOVE = YES;
				CLANG_WARN_UNGUARDED_AVAILABILITY = YES_AGGRESSIVE;
				CLANG_WARN_UNREACHABLE_CODE = YES;
				CLANG_WARN__DUPLICATE_METHOD_MATCH = YES;
				COPY_PHASE_STRIP = NO;
				DEBUG_INFORMATION_FORMAT = dwarf;
				ENABLE_STRICT_OBJC_MSGSEND = YES;
				ENABLE_TESTABILITY = YES;
				GCC_C_LANGUAGE_STANDARD = gnu11;
				GCC_DYNAMIC_NO_PIC = NO;
				GCC_NO_COMMON_BLOCKS = YES;
				GCC_OPTIMIZATION_LEVEL = 0;
				GCC_PREPROCESSOR_DEFINITIONS = (
					"DEBUG=1",
					"$(inherited)",
				);
				GCC_WARN_64_TO_32_BIT_CONVERSION = YES;
				GCC_WARN_ABOUT_RETURN_TYPE = YES_ERROR;
				GCC_WARN_UNDECLARED_SELECTOR = YES;
				GCC_WARN_UNINITIALIZED_AUTOS = YES_AGGRESSIVE;
				GCC_WARN_UNUSED_FUNCTION = YES;
				GCC_WARN_UNUSED_VARIABLE = YES;
				IPHONEOS_DEPLOYMENT_TARGET = 16.0;
				MTL_ENABLE_DEBUG_INFO = INCLUDE_SOURCE;
				MTL_FAST_MATH = YES;
				ONLY_ACTIVE_ARCH = YES;
				SDKROOT = iphoneos;
				SWIFT_ACTIVE_COMPILATION_CONDITIONS = DEBUG;
				SWIFT_OPTIMIZATION_LEVEL = "-Onone";
			};
			name = Debug;
		};
		883F449D2912A5C600284B2F /* Release */ = {
			isa = XCBuildConfiguration;
			buildSettings = {
				ALWAYS_SEARCH_USER_PATHS = NO;
				CLANG_ANALYZER_NONNULL = YES;
				CLANG_ANALYZER_NUMBER_OBJECT_CONVERSION = YES_AGGRESSIVE;
				CLANG_CXX_LANGUAGE_STANDARD = "gnu++20";
				CLANG_ENABLE_MODULES = YES;
				CLANG_ENABLE_OBJC_ARC = YES;
				CLANG_ENABLE_OBJC_WEAK = YES;
				CLANG_WARN_BLOCK_CAPTURE_AUTORELEASING = YES;
				CLANG_WARN_BOOL_CONVERSION = YES;
				CLANG_WARN_COMMA = YES;
				CLANG_WARN_CONSTANT_CONVERSION = YES;
				CLANG_WARN_DEPRECATED_OBJC_IMPLEMENTATIONS = YES;
				CLANG_WARN_DIRECT_OBJC_ISA_USAGE = YES_ERROR;
				CLANG_WARN_DOCUMENTATION_COMMENTS = YES;
				CLANG_WARN_EMPTY_BODY = YES;
				CLANG_WARN_ENUM_CONVERSION = YES;
				CLANG_WARN_INFINITE_RECURSION = YES;
				CLANG_WARN_INT_CONVERSION = YES;
				CLANG_WARN_NON_LITERAL_NULL_CONVERSION = YES;
				CLANG_WARN_OBJC_IMPLICIT_RETAIN_SELF = YES;
				CLANG_WARN_OBJC_LITERAL_CONVERSION = YES;
				CLANG_WARN_OBJC_ROOT_CLASS = YES_ERROR;
				CLANG_WARN_QUOTED_INCLUDE_IN_FRAMEWORK_HEADER = YES;
				CLANG_WARN_RANGE_LOOP_ANALYSIS = YES;
				CLANG_WARN_STRICT_PROTOTYPES = YES;
				CLANG_WARN_SUSPICIOUS_MOVE = YES;
				CLANG_WARN_UNGUARDED_AVAILABILITY = YES_AGGRESSIVE;
				CLANG_WARN_UNREACHABLE_CODE = YES;
				CLANG_WARN__DUPLICATE_METHOD_MATCH = YES;
				COPY_PHASE_STRIP = NO;
				DEBUG_INFORMATION_FORMAT = "dwarf-with-dsym";
				ENABLE_NS_ASSERTIONS = NO;
				ENABLE_STRICT_OBJC_MSGSEND = YES;
				GCC_C_LANGUAGE_STANDARD = gnu11;
				GCC_NO_COMMON_BLOCKS = YES;
				GCC_WARN_64_TO_32_BIT_CONVERSION = YES;
				GCC_WARN_ABOUT_RETURN_TYPE = YES_ERROR;
				GCC_WARN_UNDECLARED_SELECTOR = YES;
				GCC_WARN_UNINITIALIZED_AUTOS = YES_AGGRESSIVE;
				GCC_WARN_UNUSED_FUNCTION = YES;
				GCC_WARN_UNUSED_VARIABLE = YES;
				IPHONEOS_DEPLOYMENT_TARGET = 16.0;
				MTL_ENABLE_DEBUG_INFO = NO;
				MTL_FAST_MATH = YES;
				SDKROOT = iphoneos;
				SWIFT_COMPILATION_MODE = wholemodule;
				SWIFT_OPTIMIZATION_LEVEL = "-O";
				VALIDATE_PRODUCT = YES;
			};
			name = Release;
		};
		883F449F2912A5C600284B2F /* Debug */ = {
			isa = XCBuildConfiguration;
			buildSettings = {
				ASSETCATALOG_COMPILER_APPICON_NAME = AppIcon;
				ASSETCATALOG_COMPILER_GLOBAL_ACCENT_COLOR_NAME = AccentColor;
				CODE_SIGN_STYLE = Automatic;
				CURRENT_PROJECT_VERSION = 1;
				DEVELOPMENT_ASSET_PATHS = "\"UseCasesCoreData/Preview Content\"";
				DEVELOPMENT_TEAM = 9F6398P4YJ;
				ENABLE_PREVIEWS = YES;
				GENERATE_INFOPLIST_FILE = YES;
				INFOPLIST_FILE = UseCasesCoreData/Info.plist;
				INFOPLIST_KEY_UIApplicationSceneManifest_Generation = YES;
				INFOPLIST_KEY_UIApplicationSupportsIndirectInputEvents = YES;
				INFOPLIST_KEY_UILaunchScreen_Generation = YES;
				INFOPLIST_KEY_UISupportedInterfaceOrientations_iPad = "UIInterfaceOrientationPortrait UIInterfaceOrientationPortraitUpsideDown UIInterfaceOrientationLandscapeLeft UIInterfaceOrientationLandscapeRight";
				INFOPLIST_KEY_UISupportedInterfaceOrientations_iPhone = "UIInterfaceOrientationPortrait UIInterfaceOrientationLandscapeLeft UIInterfaceOrientationLandscapeRight";
				IPHONEOS_DEPLOYMENT_TARGET = 16.0;
				LD_RUNPATH_SEARCH_PATHS = (
					"$(inherited)",
					"@executable_path/Frameworks",
				);
				MARKETING_VERSION = 1.0;
				PRODUCT_BUNDLE_IDENTIFIER = com.ethankisiel.UseCasesCoreData;
				PRODUCT_NAME = "$(TARGET_NAME)";
				SWIFT_EMIT_LOC_STRINGS = YES;
				SWIFT_VERSION = 5.0;
				TARGETED_DEVICE_FAMILY = "1,2";
			};
			name = Debug;
		};
		883F44A02912A5C600284B2F /* Release */ = {
			isa = XCBuildConfiguration;
			buildSettings = {
				ASSETCATALOG_COMPILER_APPICON_NAME = AppIcon;
				ASSETCATALOG_COMPILER_GLOBAL_ACCENT_COLOR_NAME = AccentColor;
				CODE_SIGN_STYLE = Automatic;
				CURRENT_PROJECT_VERSION = 1;
				DEVELOPMENT_ASSET_PATHS = "\"UseCasesCoreData/Preview Content\"";
				DEVELOPMENT_TEAM = 9F6398P4YJ;
				ENABLE_PREVIEWS = YES;
				GENERATE_INFOPLIST_FILE = YES;
				INFOPLIST_FILE = UseCasesCoreData/Info.plist;
				INFOPLIST_KEY_UIApplicationSceneManifest_Generation = YES;
				INFOPLIST_KEY_UIApplicationSupportsIndirectInputEvents = YES;
				INFOPLIST_KEY_UILaunchScreen_Generation = YES;
				INFOPLIST_KEY_UISupportedInterfaceOrientations_iPad = "UIInterfaceOrientationPortrait UIInterfaceOrientationPortraitUpsideDown UIInterfaceOrientationLandscapeLeft UIInterfaceOrientationLandscapeRight";
				INFOPLIST_KEY_UISupportedInterfaceOrientations_iPhone = "UIInterfaceOrientationPortrait UIInterfaceOrientationLandscapeLeft UIInterfaceOrientationLandscapeRight";
				IPHONEOS_DEPLOYMENT_TARGET = 16.0;
				LD_RUNPATH_SEARCH_PATHS = (
					"$(inherited)",
					"@executable_path/Frameworks",
				);
				MARKETING_VERSION = 1.0;
				PRODUCT_BUNDLE_IDENTIFIER = com.ethankisiel.UseCasesCoreData;
				PRODUCT_NAME = "$(TARGET_NAME)";
				SWIFT_EMIT_LOC_STRINGS = YES;
				SWIFT_VERSION = 5.0;
				TARGETED_DEVICE_FAMILY = "1,2";
			};
			name = Release;
		};
/* End XCBuildConfiguration section */

/* Begin XCConfigurationList section */
		883F44862912A5C600284B2F /* Build configuration list for PBXProject "UseCasesCoreData" */ = {
			isa = XCConfigurationList;
			buildConfigurations = (
				883F449C2912A5C600284B2F /* Debug */,
				883F449D2912A5C600284B2F /* Release */,
			);
			defaultConfigurationIsVisible = 0;
			defaultConfigurationName = Release;
		};
		883F449E2912A5C600284B2F /* Build configuration list for PBXNativeTarget "UseCasesCoreData" */ = {
			isa = XCConfigurationList;
			buildConfigurations = (
				883F449F2912A5C600284B2F /* Debug */,
				883F44A02912A5C600284B2F /* Release */,
			);
			defaultConfigurationIsVisible = 0;
			defaultConfigurationName = Release;
		};
/* End XCConfigurationList section */

/* Begin XCRemoteSwiftPackageReference section */
		883F44D72912D5BA00284B2F /* XCRemoteSwiftPackageReference "neumorphic" */ = {
			isa = XCRemoteSwiftPackageReference;
			repositoryURL = "https://github.com/costachung/neumorphic/";
			requirement = {
				branch = master;
				kind = branch;
			};
		};
/* End XCRemoteSwiftPackageReference section */

/* Begin XCSwiftPackageProductDependency section */
		883F44D82912D5BA00284B2F /* Neumorphic */ = {
			isa = XCSwiftPackageProductDependency;
			package = 883F44D72912D5BA00284B2F /* XCRemoteSwiftPackageReference "neumorphic" */;
			productName = Neumorphic;
		};
/* End XCSwiftPackageProductDependency section */

/* Begin XCVersionGroup section */
		883F44992912A5C600284B2F /* UseCasesCoreData.xcdatamodeld */ = {
			isa = XCVersionGroup;
			children = (
				883F449A2912A5C600284B2F /* UseCasesCoreData.xcdatamodel */,
			);
			currentVersion = 883F449A2912A5C600284B2F /* UseCasesCoreData.xcdatamodel */;
			path = UseCasesCoreData.xcdatamodeld;
			sourceTree = "<group>";
			versionGroupType = wrapper.xcdatamodel;
		};
/* End XCVersionGroup section */
	};
	rootObject = 883F44832912A5C600284B2F /* Project object */;
}
